{
  "name": "monitor",
  "version": "0.0.1",
  "lockfileVersion": 3,
  "requires": true,
  "packages": {
    "": {
      "name": "monitor",
      "version": "0.0.1",
      "license": "MIT",
      "dependencies": {
        "naughty-util": "^0.6.2"
      }
    },
    "node_modules/naughty-util": {
      "version": "0.6.2",
      "resolved": "https://registry.npmjs.org/naughty-util/-/naughty-util-0.6.2.tgz",
      "integrity": "sha512-lVxFdnzvyyzB+OmBhNOkhywZNn5kG0w7z0yVAlE9TBXXocV8XnxV+YIyUjqp7rG0qlpSku3Hs9pBAtt7QZjkKg==",
      "license": "MIT",
      "engines": {
        "node": ">=18"
      }
    }
  }
}
